{
  "version": "4",
  "specifiers": {
    "npm:@chialab/esbuild-plugin-html@*": "0.18.2",
    "npm:@chialab/esbuild-rna@*": "0.18.2"
  },
  "npm": {
    "@chialab/esbuild-plugin-html@0.18.2": {
      "integrity": "sha512-8dBqIZIL1tkLYyMko+HY8b80QoDOIGlydbIQO8ALLv4e59UO0MGQjFG3RCD0V5sMbpjeNrJ3MCKz29wGL16Wrg==",
      "dependencies": [
        "@chialab/esbuild-rna"
      ]
    },
    "@chialab/esbuild-rna@0.18.2": {
      "integrity": "sha512-ckzskez7bxstVQ4c5cxbx0DRP2teldzrcSGQl2KPh1VJGdO2ZmRrb6vNkBBD5K3dx9tgTyvskWp4dV+Fbg07Ag==",
      "dependencies": [
        "@chialab/estransform",
        "@chialab/node-resolve"
      ]
    },
    "@chialab/estransform@0.18.1": {
      "integrity": "sha512-W/WmjpQL2hndD0/XfR0FcPBAUj+aLNeoAVehOjV/Q9bSnioz0GVSAXXhzp59S33ZynxJBBfn8DNiMTVNJmk4Aw==",
      "dependencies": [
        "@parcel/source-map"
      ]
    },
    "@chialab/node-resolve@0.18.0": {
      "integrity": "sha512-eV1m70Qn9pLY9xwFmZ2FlcOzwiaUywsJ7NB/ud8VB7DouvCQtIHkQ3Om7uPX0ojXGEG1LCyO96kZkvbNTxNu0Q=="
    },
    "@parcel/source-map@2.1.1": {
      "integrity": "sha512-Ejx1P/mj+kMjQb8/y5XxDUn4reGdr+WyKYloBljpppUy8gs42T+BNoEOuRYqDVdgPc6NxduzIDoJS9pOFfV5Ew==",
      "dependencies": [
        "detect-libc"
      ]
    },
    "detect-libc@1.0.3": {
      "integrity": "sha512-pGjwhsmsp4kL2RTz08wcOlGN83otlqHeD/Z5T8GXZB+/YcpQ/dgo+lbU8ZsGxV0HIvqqxo9l7mqYwyYMD9bKDg=="
    }
  },
  "redirects": {
    "https://deno.land/": "https://deno.com/",
    "https://deno.land/x/": "https://deno.land/x",
    "https://deno.land/x/esbuild": "https://deno.land/x/esbuild@v0.24.2",
    "https://deno.land/x/esbuild/": "https://deno.land/x/esbuild",
    "https://deno.land/x/esbuild/mod": "https://deno.land/x/esbuild@v0.24.2/mod",
    "https://deno.land/x/esbuild/wasm.js": "https://deno.land/x/esbuild@v0.24.2/wasm.js"
  },
  "remote": {
    "https://deno.land/x/denoflate@1.2.1/mod.ts": "f5628e44b80b3d80ed525afa2ba0f12408e3849db817d47a883b801f9ce69dd6",
    "https://deno.land/x/denoflate@1.2.1/pkg/denoflate.js": "b9f9ad9457d3f12f28b1fb35c555f57443427f74decb403113d67364e4f2caf4",
    "https://deno.land/x/denoflate@1.2.1/pkg/denoflate_bg.wasm.js": "d581956245407a2115a3d7e8d85a9641c032940a8e810acbd59ca86afd34d44d",
    "https://deno.land/x/esbuild@v0.24.2/mod.js": "8d1e46a6494585235b0514d37743ee48a4f6f0b8e00fca9d0a2e371914b1df0e",
    "https://deno.land/x/esbuild@v0.24.2/wasm.js": "563b7a80192ad1d4325ede000cb7c3bcaf8355eb58faaec46a4de9dc6ab3fc67"
  }
}
